
Microsoft Visual Studio Solution File, Format Version 10.00
# Visual Studio 2008
Project("{8BC9CEB8-8B4A-11D0-8D11-00A0C91BC942}") = "client", "client.vcproj", "{F025B68D-C4D4-4D20-BC4D-76D21A6064E6}"
EndProject
Project("{8BC9CEB8-8B4A-11D0-8D11-00A0C91BC942}") = "libclient", "libclient.vcproj", "{44A0B2CD-E0C7-48F9-BA02-633F6A05C7A8}"
EndProject
Global
	GlobalSection(SolutionConfigurationPlatforms) = preSolution
		Debug|Win32 = Debug|Win32
		Release|Win32 = Release|Win32
	EndGlobalSection
	GlobalSection(ProjectConfigurationPlatforms) = postSolution
		{F025B68D-C4D4-4D20-BC4D-76D21A6064E6}.Debug|Win32.ActiveCfg = Debug|Win32
		{F025B68D-C4D4-4D20-BC4D-76D21A6064E6}.Debug|Win32.Build.0 = Debug|Win32
		{F025B68D-C4D4-4D20-BC4D-76D21A6064E6}.Release|Win32.ActiveCfg = Release|Win32
		{F025B68D-C4D4-4D20-BC4D-76D21A6064E6}.Release|Win32.Build.0 = Release|Win32
		{44A0B2CD-E0C7-48F9-BA02-633F6A05C7A8}.Debug|Win32.ActiveCfg = Debug|Win32
		{44A0B2CD-E0C7-48F9-BA02-633F6A05C7A8}.Debug|Win32.Build.0 = Debug|Win32
		{44A0B2CD-E0C7-48F9-BA02-633F6A05C7A8}.Release|Win32.ActiveCfg = Release|Win32
		{44A0B2CD-E0C7-48F9-BA02-633F6A05C7A8}.Release|Win32.Build.0 = Release|Win32
	EndGlobalSection
	GlobalSection(SolutionProperties) = preSolution
		HideSolutionNode = FALSE
	EndGlobalSection
EndGlobal
